// !$*UTF8*$!
{
	archiveVersion = 1;
	classes = {
	};
	objectVersion = 56;
	objects = {

/* Begin PBXBuildFile section */
		580EC59A29CBB0E20083B497 /* SignupView.swift in Sources */ = {isa = PBXBuildFile; fileRef = 580EC59929CBB0E20083B497 /* SignupView.swift */; };
		580EC59C29CBB6800083B497 /* AuthView.swift in Sources */ = {isa = PBXBuildFile; fileRef = 580EC59B29CBB6800083B497 /* AuthView.swift */; };
		5877DE4729CA85F100A2474A /* Simple_loginApp.swift in Sources */ = {isa = PBXBuildFile; fileRef = 5877DE4629CA85F100A2474A /* Simple_loginApp.swift */; };
		5877DE4929CA85F100A2474A /* ContentView.swift in Sources */ = {isa = PBXBuildFile; fileRef = 5877DE4829CA85F100A2474A /* ContentView.swift */; };
		5877DE4B29CA85F200A2474A /* Assets.xcassets in Resources */ = {isa = PBXBuildFile; fileRef = 5877DE4A29CA85F200A2474A /* Assets.xcassets */; };
		5877DE4E29CA85F200A2474A /* Preview Assets.xcassets in Resources */ = {isa = PBXBuildFile; fileRef = 5877DE4D29CA85F200A2474A /* Preview Assets.xcassets */; };
		5877DE5529CA873700A2474A /* LoginView.swift in Sources */ = {isa = PBXBuildFile; fileRef = 5877DE5429CA873700A2474A /* LoginView.swift */; };
		5877DE5729CA987400A2474A /* ViewModifier.swift in Sources */ = {isa = PBXBuildFile; fileRef = 5877DE5629CA987400A2474A /* ViewModifier.swift */; };
/* End PBXBuildFile section */

/* Begin PBXFileReference section */
		580EC59929CBB0E20083B497 /* SignupView.swift */ = {isa = PBXFileReference; lastKnownFileType = sourcecode.swift; path = SignupView.swift; sourceTree = "<group>"; };
		580EC59B29CBB6800083B497 /* AuthView.swift */ = {isa = PBXFileReference; lastKnownFileType = sourcecode.swift; path = AuthView.swift; sourceTree = "<group>"; };
		580EC5B729CBD19F0083B497 /* Simple-login-Info.plist */ = {isa = PBXFileReference; lastKnownFileType = text.plist; path = "Simple-login-Info.plist"; sourceTree = SOURCE_ROOT; };
		5877DE4329CA85F100A2474A /* Simple_login.app */ = {isa = PBXFileReference; explicitFileType = wrapper.application; includeInIndex = 0; path = Simple_login.app; sourceTree = BUILT_PRODUCTS_DIR; };
		5877DE4629CA85F100A2474A /* Simple_loginApp.swift */ = {isa = PBXFileReference; lastKnownFileType = sourcecode.swift; path = Simple_loginApp.swift; sourceTree = "<group>"; };
		5877DE4829CA85F100A2474A /* ContentView.swift */ = {isa = PBXFileReference; lastKnownFileType = sourcecode.swift; path = ContentView.swift; sourceTree = "<group>"; };
		5877DE4A29CA85F200A2474A /* Assets.xcassets */ = {isa = PBXFileReference; lastKnownFileType = folder.assetcatalog; path = Assets.xcassets; sourceTree = "<group>"; };
		5877DE4D29CA85F200A2474A /* Preview Assets.xcassets */ = {isa = PBXFileReference; lastKnownFileType = folder.assetcatalog; path = "Preview Assets.xcassets"; sourceTree = "<group>"; };
		5877DE5429CA873700A2474A /* LoginView.swift */ = {isa = PBXFileReference; lastKnownFileType = sourcecode.swift; path = LoginView.swift; sourceTree = "<group>"; };
		5877DE5629CA987400A2474A /* ViewModifier.swift */ = {isa = PBXFileReference; lastKnownFileType = sourcecode.swift; path = ViewModifier.swift; sourceTree = "<group>"; };
/* End PBXFileReference section */

/* Begin PBXFrameworksBuildPhase section */
		5877DE4029CA85F100A2474A /* Frameworks */ = {
			isa = PBXFrameworksBuildPhase;
			buildActionMask = 2147483647;
			files = (
			);
			runOnlyForDeploymentPostprocessing = 0;
		};
/* End PBXFrameworksBuildPhase section */

/* Begin PBXGroup section */
		5877DE3A29CA85F100A2474A = {
			isa = PBXGroup;
			children = (
				5877DE4529CA85F100A2474A /* Simple_login */,
				5877DE4429CA85F100A2474A /* Products */,
			);
			sourceTree = "<group>";
		};
		5877DE4429CA85F100A2474A /* Products */ = {
			isa = PBXGroup;
			children = (
				5877DE4329CA85F100A2474A /* Simple_login.app */,
			);
			name = Products;
			sourceTree = "<group>";
		};
		5877DE4529CA85F100A2474A /* Simple_login */ = {
			isa = PBXGroup;
			children = (
				580EC5B729CBD19F0083B497 /* Simple-login-Info.plist */,
				5877DE4629CA85F100A2474A /* Simple_loginApp.swift */,
				580EC59B29CBB6800083B497 /* AuthView.swift */,
				5877DE4829CA85F100A2474A /* ContentView.swift */,
				580EC59929CBB0E20083B497 /* SignupView.swift */,
				5877DE5429CA873700A2474A /* LoginView.swift */,
				5877DE5629CA987400A2474A /* ViewModifier.swift */,
				5877DE4A29CA85F200A2474A /* Assets.xcassets */,
				5877DE4C29CA85F200A2474A /* Preview Content */,
			);
			path = Simple_login;
			sourceTree = "<group>";
		};
		5877DE4C29CA85F200A2474A /* Preview Content */ = {
			isa = PBXGroup;
			children = (
				5877DE4D29CA85F200A2474A /* Preview Assets.xcassets */,
			);
			path = "Preview Content";
			sourceTree = "<group>";
		};
/* End PBXGroup section */

/* Begin PBXNativeTarget section */
		5877DE4229CA85F100A2474A /* Simple_login */ = {
			isa = PBXNativeTarget;
			buildConfigurationList = 5877DE5129CA85F200A2474A /* Build configuration list for PBXNativeTarget "Simple_login" */;
			buildPhases = (
				5877DE3F29CA85F100A2474A /* Sources */,
				5877DE4029CA85F100A2474A /* Frameworks */,
				5877DE4129CA85F100A2474A /* Resources */,
			);
			buildRules = (
			);
			dependencies = (
			);
			name = Simple_login;
			productName = Simple_login;
			productReference = 5877DE4329CA85F100A2474A /* Simple_login.app */;
			productType = "com.apple.product-type.application";
		};
/* End PBXNativeTarget section */

/* Begin PBXProject section */
		5877DE3B29CA85F100A2474A /* Project object */ = {
			isa = PBXProject;
			attributes = {
				BuildIndependentTargetsInParallel = 1;
				LastSwiftUpdateCheck = 1400;
				LastUpgradeCheck = 1400;
				TargetAttributes = {
					5877DE4229CA85F100A2474A = {
						CreatedOnToolsVersion = 14.0.1;
					};
				};
			};
			buildConfigurationList = 5877DE3E29CA85F100A2474A /* Build configuration list for PBXProject "Simple_login" */;
			compatibilityVersion = "Xcode 14.0";
			developmentRegion = en;
			hasScannedForEncodings = 0;
			knownRegions = (
				en,
				Base,
			);
			mainGroup = 5877DE3A29CA85F100A2474A;
			productRefGroup = 5877DE4429CA85F100A2474A /* Products */;
			projectDirPath = "";
			projectRoot = "";
			targets = (
				5877DE4229CA85F100A2474A /* Simple_login */,
			);
		};
/* End PBXProject section */

/* Begin PBXResourcesBuildPhase section */
		5877DE4129CA85F100A2474A /* Resources */ = {
			isa = PBXResourcesBuildPhase;
			buildActionMask = 2147483647;
			files = (
				5877DE4E29CA85F200A2474A /* Preview Assets.xcassets in Resources */,
				5877DE4B29CA85F200A2474A /* Assets.xcassets in Resources */,
			);
			runOnlyForDeploymentPostprocessing = 0;
		};
/* End PBXResourcesBuildPhase section */

/* Begin PBXSourcesBuildPhase section */
		5877DE3F29CA85F100A2474A /* Sources */ = {
			isa = PBXSourcesBuildPhase;
			buildActionMask = 2147483647;
			files = (
				5877DE5529CA873700A2474A /* LoginView.swift in Sources */,
				5877DE4929CA85F100A2474A /* ContentView.swift in Sources */,
				580EC59C29CBB6800083B497 /* AuthView.swift in Sources */,
				5877DE4729CA85F100A2474A /* Simple_loginApp.swift in Sources */,
				5877DE5729CA987400A2474A /* ViewModifier.swift in Sources */,
				580EC59A29CBB0E20083B497 /* SignupView.swift in Sources */,
			);
			runOnlyForDeploymentPostprocessing = 0;
		};
/* End PBXSourcesBuildPhase section */

/* Begin XCBuildConfiguration section */
		5877DE4F29CA85F200A2474A /* Debug */ = {
			isa = XCBuildConfiguration;
			buildSettings = {
				ALWAYS_SEARCH_USER_PATHS = NO;
				CLANG_ANALYZER_NONNULL = YES;
				CLANG_ANALYZER_NUMBER_OBJECT_CONVERSION = YES_AGGRESSIVE;
				CLANG_CXX_LANGUAGE_STANDARD = "gnu++20";
				CLANG_ENABLE_MODULES = YES;
				CLANG_ENABLE_OBJC_ARC = YES;
				CLANG_ENABLE_OBJC_WEAK = YES;
				CLANG_WARN_BLOCK_CAPTURE_AUTORELEASING = YES;
				CLANG_WARN_BOOL_CONVERSION = YES;
				CLANG_WARN_COMMA = YES;
				CLANG_WARN_CONSTANT_CONVERSION = YES;
				CLANG_WARN_DEPRECATED_OBJC_IMPLEMENTATIONS = YES;
				CLANG_WARN_DIRECT_OBJC_ISA_USAGE = YES_ERROR;
				CLANG_WARN_DOCUMENTATION_COMMENTS = YES;
				CLANG_WARN_EMPTY_BODY = YES;
				CLANG_WARN_ENUM_CONVERSION = YES;
				CLANG_WARN_INFINITE_RECURSION = YES;
				CLANG_WARN_INT_CONVERSION = YES;
				CLANG_WARN_NON_LITERAL_NULL_CONVERSION = YES;
				CLANG_WARN_OBJC_IMPLICIT_RETAIN_SELF = YES;
				CLANG_WARN_OBJC_LITERAL_CONVERSION = YES;
				CLANG_WARN_OBJC_ROOT_CLASS = YES_ERROR;
				CLANG_WARN_QUOTED_INCLUDE_IN_FRAMEWORK_HEADER = YES;
				CLANG_WARN_RANGE_LOOP_ANALYSIS = YES;
				CLANG_WARN_STRICT_PROTOTYPES = YES;
				CLANG_WARN_SUSPICIOUS_MOVE = YES;
				CLANG_WARN_UNGUARDED_AVAILABILITY = YES_AGGRESSIVE;
				CLANG_WARN_UNREACHABLE_CODE = YES;
				CLANG_WARN__DUPLICATE_METHOD_MATCH = YES;
				COPY_PHASE_STRIP = NO;
				DEBUG_INFORMATION_FORMAT = dwarf;
				ENABLE_STRICT_OBJC_MSGSEND = YES;
				ENABLE_TESTABILITY = YES;
				GCC_C_LANGUAGE_STANDARD = gnu11;
				GCC_DYNAMIC_NO_PIC = NO;
				GCC_NO_COMMON_BLOCKS = YES;
				GCC_OPTIMIZATION_LEVEL = 0;
				GCC_PREPROCESSOR_DEFINITIONS = (
					"DEBUG=1",
					"$(inherited)",
				);
				GCC_WARN_64_TO_32_BIT_CONVERSION = YES;
				GCC_WARN_ABOUT_RETURN_TYPE = YES_ERROR;
				GCC_WARN_UNDECLARED_SELECTOR = YES;
				GCC_WARN_UNINITIALIZED_AUTOS = YES_AGGRESSIVE;
				GCC_WARN_UNUSED_FUNCTION = YES;
				GCC_WARN_UNUSED_VARIABLE = YES;
				IPHONEOS_DEPLOYMENT_TARGET = 16.0;
				MTL_ENABLE_DEBUG_INFO = INCLUDE_SOURCE;
				MTL_FAST_MATH = YES;
				ONLY_ACTIVE_ARCH = YES;
				SDKROOT = iphoneos;
				SWIFT_ACTIVE_COMPILATION_CONDITIONS = DEBUG;
				SWIFT_OPTIMIZATION_LEVEL = "-Onone";
			};
			name = Debug;
		};
		5877DE5029CA85F200A2474A /* Release */ = {
			isa = XCBuildConfiguration;
			buildSettings = {
				ALWAYS_SEARCH_USER_PATHS = NO;
				CLANG_ANALYZER_NONNULL = YES;
				CLANG_ANALYZER_NUMBER_OBJECT_CONVERSION = YES_AGGRESSIVE;
				CLANG_CXX_LANGUAGE_STANDARD = "gnu++20";
				CLANG_ENABLE_MODULES = YES;
				CLANG_ENABLE_OBJC_ARC = YES;
				CLANG_ENABLE_OBJC_WEAK = YES;
				CLANG_WARN_BLOCK_CAPTURE_AUTORELEASING = YES;
				CLANG_WARN_BOOL_CONVERSION = YES;
				CLANG_WARN_COMMA = YES;
				CLANG_WARN_CONSTANT_CONVERSION = YES;
				CLANG_WARN_DEPRECATED_OBJC_IMPLEMENTATIONS = YES;
				CLANG_WARN_DIRECT_OBJC_ISA_USAGE = YES_ERROR;
				CLANG_WARN_DOCUMENTATION_COMMENTS = YES;
				CLANG_WARN_EMPTY_BODY = YES;
				CLANG_WARN_ENUM_CONVERSION = YES;
				CLANG_WARN_INFINITE_RECURSION = YES;
				CLANG_WARN_INT_CONVERSION = YES;
				CLANG_WARN_NON_LITERAL_NULL_CONVERSION = YES;
				CLANG_WARN_OBJC_IMPLICIT_RETAIN_SELF = YES;
				CLANG_WARN_OBJC_LITERAL_CONVERSION = YES;
				CLANG_WARN_OBJC_ROOT_CLASS = YES_ERROR;
				CLANG_WARN_QUOTED_INCLUDE_IN_FRAMEWORK_HEADER = YES;
				CLANG_WARN_RANGE_LOOP_ANALYSIS = YES;
				CLANG_WARN_STRICT_PROTOTYPES = YES;
				CLANG_WARN_SUSPICIOUS_MOVE = YES;
				CLANG_WARN_UNGUARDED_AVAILABILITY = YES_AGGRESSIVE;
				CLANG_WARN_UNREACHABLE_CODE = YES;
				CLANG_WARN__DUPLICATE_METHOD_MATCH = YES;
				COPY_PHASE_STRIP = NO;
				DEBUG_INFORMATION_FORMAT = "dwarf-with-dsym";
				ENABLE_NS_ASSERTIONS = NO;
				ENABLE_STRICT_OBJC_MSGSEND = YES;
				GCC_C_LANGUAGE_STANDARD = gnu11;
				GCC_NO_COMMON_BLOCKS = YES;
				GCC_WARN_64_TO_32_BIT_CONVERSION = YES;
				GCC_WARN_ABOUT_RETURN_TYPE = YES_ERROR;
				GCC_WARN_UNDECLARED_SELECTOR = YES;
				GCC_WARN_UNINITIALIZED_AUTOS = YES_AGGRESSIVE;
				GCC_WARN_UNUSED_FUNCTION = YES;
				GCC_WARN_UNUSED_VARIABLE = YES;
				IPHONEOS_DEPLOYMENT_TARGET = 16.0;
				MTL_ENABLE_DEBUG_INFO = NO;
				MTL_FAST_MATH = YES;
				SDKROOT = iphoneos;
				SWIFT_COMPILATION_MODE = wholemodule;
				SWIFT_OPTIMIZATION_LEVEL = "-O";
				VALIDATE_PRODUCT = YES;
			};
			name = Release;
		};
		5877DE5229CA85F200A2474A /* Debug */ = {
			isa = XCBuildConfiguration;
			buildSettings = {
				ASSETCATALOG_COMPILER_APPICON_NAME = AppIcon;
				ASSETCATALOG_COMPILER_GLOBAL_ACCENT_COLOR_NAME = AccentColor;
				CODE_SIGN_STYLE = Automatic;
				CURRENT_PROJECT_VERSION = 1;
				DEVELOPMENT_ASSET_PATHS = "\"Simple_login/Preview Content\"";
				DEVELOPMENT_TEAM = PVR89A229Z;
				ENABLE_PREVIEWS = YES;
				GENERATE_INFOPLIST_FILE = YES;
				INFOPLIST_FILE = "Simple-login-Info.plist";
				INFOPLIST_KEY_UIApplicationSceneManifest_Generation = YES;
				INFOPLIST_KEY_UIApplicationSupportsIndirectInputEvents = YES;
				INFOPLIST_KEY_UISupportedInterfaceOrientations_iPad = "UIInterfaceOrientationPortrait UIInterfaceOrientationPortraitUpsideDown UIInterfaceOrientationLandscapeLeft UIInterfaceOrientationLandscapeRight";
				INFOPLIST_KEY_UISupportedInterfaceOrientations_iPhone = "UIInterfaceOrientationPortrait UIInterfaceOrientationLandscapeLeft UIInterfaceOrientationLandscapeRight";
				LD_RUNPATH_SEARCH_PATHS = (
					"$(inherited)",
					"@executable_path/Frameworks",
				);
				MARKETING_VERSION = 1.0;
				PRODUCT_BUNDLE_IDENTIFIER = "com.nicolesapp.Simple-login";
				PRODUCT_NAME = "$(TARGET_NAME)";
				SWIFT_EMIT_LOC_STRINGS = YES;
				SWIFT_VERSION = 5.0;
				TARGETED_DEVICE_FAMILY = "1,2";
			};
			name = Debug;
		};
		5877DE5329CA85F200A2474A /* Release */ = {
			isa = XCBuildConfiguration;
			buildSettings = {
				ASSETCATALOG_COMPILER_APPICON_NAME = AppIcon;
				ASSETCATALOG_COMPILER_GLOBAL_ACCENT_COLOR_NAME = AccentColor;
				CODE_SIGN_STYLE = Automatic;
				CURRENT_PROJECT_VERSION = 1;
				DEVELOPMENT_ASSET_PATHS = "\"Simple_login/Preview Content\"";
				DEVELOPMENT_TEAM = PVR89A229Z;
				ENABLE_PREVIEWS = YES;
				GENERATE_INFOPLIST_FILE = YES;
				INFOPLIST_FILE = "Simple-login-Info.plist";
				INFOPLIST_KEY_UIApplicationSceneManifest_Generation = YES;
				INFOPLIST_KEY_UIApplicationSupportsIndirectInputEvents = YES;
				INFOPLIST_KEY_UISupportedInterfaceOrientations_iPad = "UIInterfaceOrientationPortrait UIInterfaceOrientationPortraitUpsideDown UIInterfaceOrientationLandscapeLeft UIInterfaceOrientationLandscapeRight";
				INFOPLIST_KEY_UISupportedInterfaceOrientations_iPhone = "UIInterfaceOrientationPortrait UIInterfaceOrientationLandscapeLeft UIInterfaceOrientationLandscapeRight";
				LD_RUNPATH_SEARCH_PATHS = (
					"$(inherited)",
					"@executable_path/Frameworks",
				);
				MARKETING_VERSION = 1.0;
				PRODUCT_BUNDLE_IDENTIFIER = "com.nicolesapp.Simple-login";
				PRODUCT_NAME = "$(TARGET_NAME)";
				SWIFT_EMIT_LOC_STRINGS = YES;
				SWIFT_VERSION = 5.0;
				TARGETED_DEVICE_FAMILY = "1,2";
			};
			name = Release;
		};
/* End XCBuildConfiguration section */

/* Begin XCConfigurationList section */
		5877DE3E29CA85F100A2474A /* Build configuration list for PBXProject "Simple_login" */ = {
			isa = XCConfigurationList;
			buildConfigurations = (
				5877DE4F29CA85F200A2474A /* Debug */,
				5877DE5029CA85F200A2474A /* Release */,
			);
			defaultConfigurationIsVisible = 0;
			defaultConfigurationName = Release;
		};
		5877DE5129CA85F200A2474A /* Build configuration list for PBXNativeTarget "Simple_login" */ = {
			isa = XCConfigurationList;
			buildConfigurations = (
				5877DE5229CA85F200A2474A /* Debug */,
				5877DE5329CA85F200A2474A /* Release */,
			);
			defaultConfigurationIsVisible = 0;
			defaultConfigurationName = Release;
		};
/* End XCConfigurationList section */
	};
	rootObject = 5877DE3B29CA85F100A2474A /* Project object */;
}
